
Microsoft Visual Studio Solution File, Format Version 12.00
# Visual Studio 15
VisualStudioVersion = 15.0.27703.2000
MinimumVisualStudioVersion = 10.0.40219.1
Project("{FAE04EC0-301F-11D3-BF4B-00C04F79EFBC}") = "OOP_Project", "OOP_Project\OOP_Project.csproj", "{68DCEF25-23D7-47CD-8880-2541CDABF5B7}"
EndProject
Global
	GlobalSection(SolutionConfigurationPlatforms) = preSolution
		Debug|Any CPU = Debug|Any CPU
		Release|Any CPU = Release|Any CPU
	EndGlobalSection
	GlobalSection(ProjectConfigurationPlatforms) = postSolution
		{68DCEF25-23D7-47CD-8880-2541CDABF5B7}.Debug|Any CPU.ActiveCfg = Debug|Any CPU
		{68DCEF25-23D7-47CD-8880-2541CDABF5B7}.Debug|Any CPU.Build.0 = Debug|Any CPU
		{68DCEF25-23D7-47CD-8880-2541CDABF5B7}.Release|Any CPU.ActiveCfg = Release|Any CPU
		{68DCEF25-23D7-47CD-8880-2541CDABF5B7}.Release|Any CPU.Build.0 = Release|Any CPU
	EndGlobalSection
	GlobalSection(SolutionProperties) = preSolution
		HideSolutionNode = FALSE
	EndGlobalSection
	GlobalSection(ExtensibilityGlobals) = postSolution
		SolutionGuid = {7DFF1342-F316-4B68-9974-D5B085EB879C}
	EndGlobalSection
EndGlobal
